
Microsoft Visual Studio Solution File, Format Version 12.00
# Visual Studio Version 16
VisualStudioVersion = 16.0.29911.84
MinimumVisualStudioVersion = 10.0.40219.1
Project("{FAE04EC0-301F-11D3-BF4B-00C04F79EFBC}") = "Fase3", "Fase3.csproj", "{6C68792F-86F2-449B-9315-8B195C26EC21}"
EndProject
Global
	GlobalSection(SolutionConfigurationPlatforms) = preSolution
		Debug|Any CPU = Debug|Any CPU
		Release|Any CPU = Release|Any CPU
	EndGlobalSection
	GlobalSection(ProjectConfigurationPlatforms) = postSolution
		{6C68792F-86F2-449B-9315-8B195C26EC21}.Debug|Any CPU.ActiveCfg = Debug|Any CPU
		{6C68792F-86F2-449B-9315-8B195C26EC21}.Debug|Any CPU.Build.0 = Debug|Any CPU
		{6C68792F-86F2-449B-9315-8B195C26EC21}.Release|Any CPU.ActiveCfg = Release|Any CPU
		{6C68792F-86F2-449B-9315-8B195C26EC21}.Release|Any CPU.Build.0 = Release|Any CPU
	EndGlobalSection
	GlobalSection(SolutionProperties) = preSolution
		HideSolutionNode = FALSE
	EndGlobalSection
	GlobalSection(ExtensibilityGlobals) = postSolution
		SolutionGuid = {7EE5EA09-E480-44F7-8DFA-871E7556D9F9}
	EndGlobalSection
EndGlobal
